
Microsoft Visual Studio Solution File, Format Version 12.00
# Visual Studio Version 16
VisualStudioVersion = 16.0.31515.178
MinimumVisualStudioVersion = 10.0.40219.1
Project("{2150E333-8FDC-42A3-9474-1A3956D46DE8}") = "Test Project", "Test Project", "{EDE0E8C4-8A56-4401-9F33-11821C31E70E}"
EndProject
Project("{9A19103F-16F7-4668-BE54-9A1E7A4F7556}") = "DevAndreaCarratta.HelloWorld.ConsoleApp", "DevAndreaCarratta.HelloWorld.ConsoleApp\DevAndreaCarratta.HelloWorld.ConsoleApp.csproj", "{668563E9-A109-463F-A22C-B197966C6FBD}"
EndProject
Project("{9A19103F-16F7-4668-BE54-9A1E7A4F7556}") = "DevAndreaCarratta.HelloWorld.UnitTest", "DevAndreaCarratta.HelloWorld.UnitTest\DevAndreaCarratta.HelloWorld.UnitTest.csproj", "{D159EAEB-09F7-4A0D-8393-9428627C793A}"
EndProject
Project("{9A19103F-16F7-4668-BE54-9A1E7A4F7556}") = "DevAndreaCarratta.HelloWorld", "..\DevAndreaCarratta.HelloWorld\DevAndreaCarratta.HelloWorld.csproj", "{AF8C1FA8-29AD-41D7-B8CF-FFE3AD38CC36}"
EndProject
Global
	GlobalSection(SolutionConfigurationPlatforms) = preSolution
		Debug|Any CPU = Debug|Any CPU
		Release|Any CPU = Release|Any CPU
	EndGlobalSection
	GlobalSection(ProjectConfigurationPlatforms) = postSolution
		{668563E9-A109-463F-A22C-B197966C6FBD}.Debug|Any CPU.ActiveCfg = Debug|Any CPU
		{668563E9-A109-463F-A22C-B197966C6FBD}.Debug|Any CPU.Build.0 = Debug|Any CPU
		{668563E9-A109-463F-A22C-B197966C6FBD}.Release|Any CPU.ActiveCfg = Release|Any CPU
		{668563E9-A109-463F-A22C-B197966C6FBD}.Release|Any CPU.Build.0 = Release|Any CPU
		{D159EAEB-09F7-4A0D-8393-9428627C793A}.Debug|Any CPU.ActiveCfg = Debug|Any CPU
		{D159EAEB-09F7-4A0D-8393-9428627C793A}.Debug|Any CPU.Build.0 = Debug|Any CPU
		{D159EAEB-09F7-4A0D-8393-9428627C793A}.Release|Any CPU.ActiveCfg = Release|Any CPU
		{D159EAEB-09F7-4A0D-8393-9428627C793A}.Release|Any CPU.Build.0 = Release|Any CPU
		{AF8C1FA8-29AD-41D7-B8CF-FFE3AD38CC36}.Debug|Any CPU.ActiveCfg = Debug|Any CPU
		{AF8C1FA8-29AD-41D7-B8CF-FFE3AD38CC36}.Debug|Any CPU.Build.0 = Debug|Any CPU
		{AF8C1FA8-29AD-41D7-B8CF-FFE3AD38CC36}.Release|Any CPU.ActiveCfg = Release|Any CPU
		{AF8C1FA8-29AD-41D7-B8CF-FFE3AD38CC36}.Release|Any CPU.Build.0 = Release|Any CPU
	EndGlobalSection
	GlobalSection(SolutionProperties) = preSolution
		HideSolutionNode = FALSE
	EndGlobalSection
	GlobalSection(NestedProjects) = preSolution
		{668563E9-A109-463F-A22C-B197966C6FBD} = {EDE0E8C4-8A56-4401-9F33-11821C31E70E}
		{D159EAEB-09F7-4A0D-8393-9428627C793A} = {EDE0E8C4-8A56-4401-9F33-11821C31E70E}
	EndGlobalSection
	GlobalSection(ExtensibilityGlobals) = postSolution
		SolutionGuid = {067FF9B1-3623-4C2F-9962-0E9D56DE0AA1}
	EndGlobalSection
EndGlobal
